
Microsoft Visual Studio Solution File, Format Version 12.00
Project("{2150E333-8FDC-42A3-9474-1A3956D46DE8}") = "0 Utils", "0 Utils", "{B32A9537-1ABE-44BF-95E5-1CD42090C24A}"
EndProject
Project("{2150E333-8FDC-42A3-9474-1A3956D46DE8}") = "1 Entities", "1 Entities", "{324C7C47-F2DF-426E-981A-4E69AF27C4CA}"
EndProject
Project("{FAE04EC0-301F-11D3-BF4B-00C04F79EFBC}") = "Common", "Common\Common.csproj", "{BC8C8636-2C7D-4776-9701-5F25CF61C2C6}"
EndProject
Project("{FAE04EC0-301F-11D3-BF4B-00C04F79EFBC}") = "Demo.Entities", "Demo.Entities\Demo.Entities.csproj", "{2AE54189-54ED-4A26-B8C9-06D89DAC7767}"
EndProject
Project("{2150E333-8FDC-42A3-9474-1A3956D46DE8}") = "2 Infrastructure.Contracts", "2 Infrastructure.Contracts", "{E651D3F4-576D-41A7-A289-36E7F56BB0C8}"
EndProject
Project("{FAE04EC0-301F-11D3-BF4B-00C04F79EFBC}") = "Infrastructure.Contracts", "Infrastructure.Contracts\Infrastructure.Contracts.csproj", "{1FE80573-E615-4CB1-ADBB-845BAF75845B}"
EndProject
Project("{2150E333-8FDC-42A3-9474-1A3956D46DE8}") = "3 Services", "3 Services", "{38800B83-1CA3-4196-91A3-4D4E5E402D46}"
EndProject
Project("{FAE04EC0-301F-11D3-BF4B-00C04F79EFBC}") = "Services", "Services\Services.csproj", "{97813312-8894-473A-B64C-97868AC438C7}"
EndProject
Project("{2150E333-8FDC-42A3-9474-1A3956D46DE8}") = "4 Logic", "4 Logic", "{A7435E43-A30F-483F-BECC-23B4C220E3CA}"
EndProject
Project("{2150E333-8FDC-42A3-9474-1A3956D46DE8}") = "5 Endpoints", "5 Endpoints", "{4F2753E9-3730-4E05-8F5E-608732C38430}"
EndProject
Project("{2150E333-8FDC-42A3-9474-1A3956D46DE8}") = "6 Infrastructure", "6 Infrastructure", "{9CE72897-28DA-455C-826F-1A2B4ADE798C}"
EndProject
Project("{2150E333-8FDC-42A3-9474-1A3956D46DE8}") = "7 Host", "7 Host", "{22AF846E-BE22-4AFF-999C-9460DF88653E}"
EndProject
Project("{FAE04EC0-301F-11D3-BF4B-00C04F79EFBC}") = "Demo.Host", "Demo.Host\Demo.Host.csproj", "{092E230F-552A-421B-BAAD-005574C15001}"
EndProject
Project("{FAE04EC0-301F-11D3-BF4B-00C04F79EFBC}") = "Persistance", "Persistance\Persistance.csproj", "{89EA81BC-F14A-4C5D-BB25-3A21F96FAB40}"
EndProject
Project("{FAE04EC0-301F-11D3-BF4B-00C04F79EFBC}") = "Infrastructure", "Infrastructure\Infrastructure.csproj", "{8054CE92-7101-4ABB-A697-93EF517C1E9D}"
EndProject
Project("{FAE04EC0-301F-11D3-BF4B-00C04F79EFBC}") = "Controllers", "Controllers\Controllers.csproj", "{8E707C7D-FE28-4B82-86FD-6AB74A12E096}"
EndProject
Project("{FAE04EC0-301F-11D3-BF4B-00C04F79EFBC}") = "Consumers", "Consumers\Consumers.csproj", "{BF9F1F11-2806-43D1-939F-207DD43AF518}"
EndProject
Project("{FAE04EC0-301F-11D3-BF4B-00C04F79EFBC}") = "Logic", "Logic\Logic.csproj", "{7C8C715C-12D8-4B34-8999-276DBB14881C}"
EndProject
Global
	GlobalSection(SolutionConfigurationPlatforms) = preSolution
		Debug|Any CPU = Debug|Any CPU
		Release|Any CPU = Release|Any CPU
	EndGlobalSection
	GlobalSection(NestedProjects) = preSolution
		{BC8C8636-2C7D-4776-9701-5F25CF61C2C6} = {B32A9537-1ABE-44BF-95E5-1CD42090C24A}
		{2AE54189-54ED-4A26-B8C9-06D89DAC7767} = {324C7C47-F2DF-426E-981A-4E69AF27C4CA}
		{1FE80573-E615-4CB1-ADBB-845BAF75845B} = {E651D3F4-576D-41A7-A289-36E7F56BB0C8}
		{97813312-8894-473A-B64C-97868AC438C7} = {38800B83-1CA3-4196-91A3-4D4E5E402D46}
		{092E230F-552A-421B-BAAD-005574C15001} = {22AF846E-BE22-4AFF-999C-9460DF88653E}
		{89EA81BC-F14A-4C5D-BB25-3A21F96FAB40} = {9CE72897-28DA-455C-826F-1A2B4ADE798C}
		{8054CE92-7101-4ABB-A697-93EF517C1E9D} = {9CE72897-28DA-455C-826F-1A2B4ADE798C}
		{8E707C7D-FE28-4B82-86FD-6AB74A12E096} = {4F2753E9-3730-4E05-8F5E-608732C38430}
		{BF9F1F11-2806-43D1-939F-207DD43AF518} = {4F2753E9-3730-4E05-8F5E-608732C38430}
		{7C8C715C-12D8-4B34-8999-276DBB14881C} = {A7435E43-A30F-483F-BECC-23B4C220E3CA}
	EndGlobalSection
	GlobalSection(ProjectConfigurationPlatforms) = postSolution
		{BC8C8636-2C7D-4776-9701-5F25CF61C2C6}.Debug|Any CPU.ActiveCfg = Debug|Any CPU
		{BC8C8636-2C7D-4776-9701-5F25CF61C2C6}.Debug|Any CPU.Build.0 = Debug|Any CPU
		{BC8C8636-2C7D-4776-9701-5F25CF61C2C6}.Release|Any CPU.ActiveCfg = Release|Any CPU
		{BC8C8636-2C7D-4776-9701-5F25CF61C2C6}.Release|Any CPU.Build.0 = Release|Any CPU
		{2AE54189-54ED-4A26-B8C9-06D89DAC7767}.Debug|Any CPU.ActiveCfg = Debug|Any CPU
		{2AE54189-54ED-4A26-B8C9-06D89DAC7767}.Debug|Any CPU.Build.0 = Debug|Any CPU
		{2AE54189-54ED-4A26-B8C9-06D89DAC7767}.Release|Any CPU.ActiveCfg = Release|Any CPU
		{2AE54189-54ED-4A26-B8C9-06D89DAC7767}.Release|Any CPU.Build.0 = Release|Any CPU
		{1FE80573-E615-4CB1-ADBB-845BAF75845B}.Debug|Any CPU.ActiveCfg = Debug|Any CPU
		{1FE80573-E615-4CB1-ADBB-845BAF75845B}.Debug|Any CPU.Build.0 = Debug|Any CPU
		{1FE80573-E615-4CB1-ADBB-845BAF75845B}.Release|Any CPU.ActiveCfg = Release|Any CPU
		{1FE80573-E615-4CB1-ADBB-845BAF75845B}.Release|Any CPU.Build.0 = Release|Any CPU
		{97813312-8894-473A-B64C-97868AC438C7}.Debug|Any CPU.ActiveCfg = Debug|Any CPU
		{97813312-8894-473A-B64C-97868AC438C7}.Debug|Any CPU.Build.0 = Debug|Any CPU
		{97813312-8894-473A-B64C-97868AC438C7}.Release|Any CPU.ActiveCfg = Release|Any CPU
		{97813312-8894-473A-B64C-97868AC438C7}.Release|Any CPU.Build.0 = Release|Any CPU
		{092E230F-552A-421B-BAAD-005574C15001}.Debug|Any CPU.ActiveCfg = Debug|Any CPU
		{092E230F-552A-421B-BAAD-005574C15001}.Debug|Any CPU.Build.0 = Debug|Any CPU
		{092E230F-552A-421B-BAAD-005574C15001}.Release|Any CPU.ActiveCfg = Release|Any CPU
		{092E230F-552A-421B-BAAD-005574C15001}.Release|Any CPU.Build.0 = Release|Any CPU
		{89EA81BC-F14A-4C5D-BB25-3A21F96FAB40}.Debug|Any CPU.ActiveCfg = Debug|Any CPU
		{89EA81BC-F14A-4C5D-BB25-3A21F96FAB40}.Debug|Any CPU.Build.0 = Debug|Any CPU
		{89EA81BC-F14A-4C5D-BB25-3A21F96FAB40}.Release|Any CPU.ActiveCfg = Release|Any CPU
		{89EA81BC-F14A-4C5D-BB25-3A21F96FAB40}.Release|Any CPU.Build.0 = Release|Any CPU
		{8054CE92-7101-4ABB-A697-93EF517C1E9D}.Debug|Any CPU.ActiveCfg = Debug|Any CPU
		{8054CE92-7101-4ABB-A697-93EF517C1E9D}.Debug|Any CPU.Build.0 = Debug|Any CPU
		{8054CE92-7101-4ABB-A697-93EF517C1E9D}.Release|Any CPU.ActiveCfg = Release|Any CPU
		{8054CE92-7101-4ABB-A697-93EF517C1E9D}.Release|Any CPU.Build.0 = Release|Any CPU
		{8E707C7D-FE28-4B82-86FD-6AB74A12E096}.Debug|Any CPU.ActiveCfg = Debug|Any CPU
		{8E707C7D-FE28-4B82-86FD-6AB74A12E096}.Debug|Any CPU.Build.0 = Debug|Any CPU
		{8E707C7D-FE28-4B82-86FD-6AB74A12E096}.Release|Any CPU.ActiveCfg = Release|Any CPU
		{8E707C7D-FE28-4B82-86FD-6AB74A12E096}.Release|Any CPU.Build.0 = Release|Any CPU
		{BF9F1F11-2806-43D1-939F-207DD43AF518}.Debug|Any CPU.ActiveCfg = Debug|Any CPU
		{BF9F1F11-2806-43D1-939F-207DD43AF518}.Debug|Any CPU.Build.0 = Debug|Any CPU
		{BF9F1F11-2806-43D1-939F-207DD43AF518}.Release|Any CPU.ActiveCfg = Release|Any CPU
		{BF9F1F11-2806-43D1-939F-207DD43AF518}.Release|Any CPU.Build.0 = Release|Any CPU
		{7C8C715C-12D8-4B34-8999-276DBB14881C}.Debug|Any CPU.ActiveCfg = Debug|Any CPU
		{7C8C715C-12D8-4B34-8999-276DBB14881C}.Debug|Any CPU.Build.0 = Debug|Any CPU
		{7C8C715C-12D8-4B34-8999-276DBB14881C}.Release|Any CPU.ActiveCfg = Release|Any CPU
		{7C8C715C-12D8-4B34-8999-276DBB14881C}.Release|Any CPU.Build.0 = Release|Any CPU
	EndGlobalSection
EndGlobal
